
Microsoft Visual Studio Solution File, Format Version 12.00
# Visual Studio 15
VisualStudioVersion = 15.0.28010.2026
MinimumVisualStudioVersion = 10.0.40219.1
Project("{FAE04EC0-301F-11D3-BF4B-00C04F79EFBC}") = "MobileBMKG.Android", "MobileBMKG\MobileBMKG.Android\MobileBMKG.Android.csproj", "{24CE3C36-16B9-426D-AA0C-5961ECF8D88C}"
EndProject
Project("{FAE04EC0-301F-11D3-BF4B-00C04F79EFBC}") = "MobileBMKG.iOS", "MobileBMKG\MobileBMKG.iOS\MobileBMKG.iOS.csproj", "{862B56F6-C6E4-497D-BBBB-854AC52E57F0}"
EndProject
Project("{9A19103F-16F7-4668-BE54-9A1E7A4F7556}") = "MobileBMKG", "MobileBMKG\MobileBMKG\MobileBMKG.csproj", "{C025D6C1-0B7B-4003-A4A5-93BC3D4D6D4A}"
EndProject
Global
	GlobalSection(SolutionConfigurationPlatforms) = preSolution
		Debug|Any CPU = Debug|Any CPU
		Debug|iPhone = Debug|iPhone
		Debug|iPhoneSimulator = Debug|iPhoneSimulator
		Release|Any CPU = Release|Any CPU
		Release|iPhone = Release|iPhone
		Release|iPhoneSimulator = Release|iPhoneSimulator
	EndGlobalSection
	GlobalSection(ProjectConfigurationPlatforms) = postSolution
		{24CE3C36-16B9-426D-AA0C-5961ECF8D88C}.Debug|Any CPU.ActiveCfg = Debug|Any CPU
		{24CE3C36-16B9-426D-AA0C-5961ECF8D88C}.Debug|Any CPU.Build.0 = Debug|Any CPU
		{24CE3C36-16B9-426D-AA0C-5961ECF8D88C}.Debug|Any CPU.Deploy.0 = Debug|Any CPU
		{24CE3C36-16B9-426D-AA0C-5961ECF8D88C}.Debug|iPhone.ActiveCfg = Debug|Any CPU
		{24CE3C36-16B9-426D-AA0C-5961ECF8D88C}.Debug|iPhone.Build.0 = Debug|Any CPU
		{24CE3C36-16B9-426D-AA0C-5961ECF8D88C}.Debug|iPhone.Deploy.0 = Debug|Any CPU
		{24CE3C36-16B9-426D-AA0C-5961ECF8D88C}.Debug|iPhoneSimulator.ActiveCfg = Debug|Any CPU
		{24CE3C36-16B9-426D-AA0C-5961ECF8D88C}.Debug|iPhoneSimulator.Build.0 = Debug|Any CPU
		{24CE3C36-16B9-426D-AA0C-5961ECF8D88C}.Debug|iPhoneSimulator.Deploy.0 = Debug|Any CPU
		{24CE3C36-16B9-426D-AA0C-5961ECF8D88C}.Release|Any CPU.ActiveCfg = Release|Any CPU
		{24CE3C36-16B9-426D-AA0C-5961ECF8D88C}.Release|Any CPU.Build.0 = Release|Any CPU
		{24CE3C36-16B9-426D-AA0C-5961ECF8D88C}.Release|Any CPU.Deploy.0 = Release|Any CPU
		{24CE3C36-16B9-426D-AA0C-5961ECF8D88C}.Release|iPhone.ActiveCfg = Release|Any CPU
		{24CE3C36-16B9-426D-AA0C-5961ECF8D88C}.Release|iPhone.Build.0 = Release|Any CPU
		{24CE3C36-16B9-426D-AA0C-5961ECF8D88C}.Release|iPhone.Deploy.0 = Release|Any CPU
		{24CE3C36-16B9-426D-AA0C-5961ECF8D88C}.Release|iPhoneSimulator.ActiveCfg = Release|Any CPU
		{24CE3C36-16B9-426D-AA0C-5961ECF8D88C}.Release|iPhoneSimulator.Build.0 = Release|Any CPU
		{24CE3C36-16B9-426D-AA0C-5961ECF8D88C}.Release|iPhoneSimulator.Deploy.0 = Release|Any CPU
		{862B56F6-C6E4-497D-BBBB-854AC52E57F0}.Debug|Any CPU.ActiveCfg = Debug|iPhone
		{862B56F6-C6E4-497D-BBBB-854AC52E57F0}.Debug|iPhone.ActiveCfg = Debug|iPhone
		{862B56F6-C6E4-497D-BBBB-854AC52E57F0}.Debug|iPhone.Build.0 = Debug|iPhone
		{862B56F6-C6E4-497D-BBBB-854AC52E57F0}.Debug|iPhoneSimulator.ActiveCfg = Debug|iPhoneSimulator
		{862B56F6-C6E4-497D-BBBB-854AC52E57F0}.Debug|iPhoneSimulator.Build.0 = Debug|iPhoneSimulator
		{862B56F6-C6E4-497D-BBBB-854AC52E57F0}.Release|Any CPU.ActiveCfg = Release|iPhone
		{862B56F6-C6E4-497D-BBBB-854AC52E57F0}.Release|iPhone.ActiveCfg = Release|iPhone
		{862B56F6-C6E4-497D-BBBB-854AC52E57F0}.Release|iPhone.Build.0 = Release|iPhone
		{862B56F6-C6E4-497D-BBBB-854AC52E57F0}.Release|iPhoneSimulator.ActiveCfg = Release|iPhoneSimulator
		{862B56F6-C6E4-497D-BBBB-854AC52E57F0}.Release|iPhoneSimulator.Build.0 = Release|iPhoneSimulator
		{C025D6C1-0B7B-4003-A4A5-93BC3D4D6D4A}.Debug|Any CPU.ActiveCfg = Debug|Any CPU
		{C025D6C1-0B7B-4003-A4A5-93BC3D4D6D4A}.Debug|Any CPU.Build.0 = Debug|Any CPU
		{C025D6C1-0B7B-4003-A4A5-93BC3D4D6D4A}.Debug|iPhone.ActiveCfg = Debug|Any CPU
		{C025D6C1-0B7B-4003-A4A5-93BC3D4D6D4A}.Debug|iPhone.Build.0 = Debug|Any CPU
		{C025D6C1-0B7B-4003-A4A5-93BC3D4D6D4A}.Debug|iPhoneSimulator.ActiveCfg = Debug|Any CPU
		{C025D6C1-0B7B-4003-A4A5-93BC3D4D6D4A}.Debug|iPhoneSimulator.Build.0 = Debug|Any CPU
		{C025D6C1-0B7B-4003-A4A5-93BC3D4D6D4A}.Release|Any CPU.ActiveCfg = Release|Any CPU
		{C025D6C1-0B7B-4003-A4A5-93BC3D4D6D4A}.Release|Any CPU.Build.0 = Release|Any CPU
		{C025D6C1-0B7B-4003-A4A5-93BC3D4D6D4A}.Release|iPhone.ActiveCfg = Release|Any CPU
		{C025D6C1-0B7B-4003-A4A5-93BC3D4D6D4A}.Release|iPhone.Build.0 = Release|Any CPU
		{C025D6C1-0B7B-4003-A4A5-93BC3D4D6D4A}.Release|iPhoneSimulator.ActiveCfg = Release|Any CPU
		{C025D6C1-0B7B-4003-A4A5-93BC3D4D6D4A}.Release|iPhoneSimulator.Build.0 = Release|Any CPU
	EndGlobalSection
	GlobalSection(SolutionProperties) = preSolution
		HideSolutionNode = FALSE
	EndGlobalSection
	GlobalSection(ExtensibilityGlobals) = postSolution
		SolutionGuid = {73B89F32-1A05-407D-837F-46A433EE3B37}
	EndGlobalSection
EndGlobal
